// !$*UTF8*$!
{
	archiveVersion = 1;
	classes = {
	};
	objectVersion = 50;
	objects = {

/* Begin PBXBuildFile section */
		2936EE8C2250B4BF002CCB2C /* AppExtensions.swift in Sources */ = {isa = PBXBuildFile; fileRef = 2936EE8B2250B4BF002CCB2C /* AppExtensions.swift */; };
		2936EE8E2250B552002CCB2C /* MessageCell.swift in Sources */ = {isa = PBXBuildFile; fileRef = 2936EE8D2250B552002CCB2C /* MessageCell.swift */; };
		2936EE902250B605002CCB2C /* Constants.swift in Sources */ = {isa = PBXBuildFile; fileRef = 2936EE8F2250B605002CCB2C /* Constants.swift */; };
		298CF8A9225022DC00F977E5 /* AppDelegate.swift in Sources */ = {isa = PBXBuildFile; fileRef = 298CF8A8225022DC00F977E5 /* AppDelegate.swift */; };
		298CF8AB225022DC00F977E5 /* ChatViewController.swift in Sources */ = {isa = PBXBuildFile; fileRef = 298CF8AA225022DC00F977E5 /* ChatViewController.swift */; };
		298CF8AE225022DC00F977E5 /* Main.storyboard in Resources */ = {isa = PBXBuildFile; fileRef = 298CF8AC225022DC00F977E5 /* Main.storyboard */; };
		298CF8B0225022DD00F977E5 /* Assets.xcassets in Resources */ = {isa = PBXBuildFile; fileRef = 298CF8AF225022DD00F977E5 /* Assets.xcassets */; };
		298CF8B3225022DD00F977E5 /* LaunchScreen.storyboard in Resources */ = {isa = PBXBuildFile; fileRef = 298CF8B1225022DD00F977E5 /* LaunchScreen.storyboard */; };
/* End PBXBuildFile section */

/* Begin PBXFileReference section */
		2936EE8B2250B4BF002CCB2C /* AppExtensions.swift */ = {isa = PBXFileReference; lastKnownFileType = sourcecode.swift; path = AppExtensions.swift; sourceTree = "<group>"; };
		2936EE8D2250B552002CCB2C /* MessageCell.swift */ = {isa = PBXFileReference; lastKnownFileType = sourcecode.swift; path = MessageCell.swift; sourceTree = "<group>"; };
		2936EE8F2250B605002CCB2C /* Constants.swift */ = {isa = PBXFileReference; lastKnownFileType = sourcecode.swift; path = Constants.swift; sourceTree = "<group>"; };
		298CF8A5225022DC00F977E5 /* ChatMessageSplitApp.app */ = {isa = PBXFileReference; explicitFileType = wrapper.application; includeInIndex = 0; path = ChatMessageSplitApp.app; sourceTree = BUILT_PRODUCTS_DIR; };
		298CF8A8225022DC00F977E5 /* AppDelegate.swift */ = {isa = PBXFileReference; lastKnownFileType = sourcecode.swift; path = AppDelegate.swift; sourceTree = "<group>"; };
		298CF8AA225022DC00F977E5 /* ChatViewController.swift */ = {isa = PBXFileReference; lastKnownFileType = sourcecode.swift; path = ChatViewController.swift; sourceTree = "<group>"; };
		298CF8AD225022DC00F977E5 /* Base */ = {isa = PBXFileReference; lastKnownFileType = file.storyboard; name = Base; path = Base.lproj/Main.storyboard; sourceTree = "<group>"; };
		298CF8AF225022DD00F977E5 /* Assets.xcassets */ = {isa = PBXFileReference; lastKnownFileType = folder.assetcatalog; path = Assets.xcassets; sourceTree = "<group>"; };
		298CF8B2225022DD00F977E5 /* Base */ = {isa = PBXFileReference; lastKnownFileType = file.storyboard; name = Base; path = Base.lproj/LaunchScreen.storyboard; sourceTree = "<group>"; };
		298CF8B4225022DE00F977E5 /* Info.plist */ = {isa = PBXFileReference; lastKnownFileType = text.plist.xml; path = Info.plist; sourceTree = "<group>"; };
/* End PBXFileReference section */

/* Begin PBXFrameworksBuildPhase section */
		298CF8A2225022DC00F977E5 /* Frameworks */ = {
			isa = PBXFrameworksBuildPhase;
			buildActionMask = 2147483647;
			files = (
			);
			runOnlyForDeploymentPostprocessing = 0;
		};
/* End PBXFrameworksBuildPhase section */

/* Begin PBXGroup section */
		298CF89C225022DC00F977E5 = {
			isa = PBXGroup;
			children = (
				298CF8A7225022DC00F977E5 /* ChatMessageSplitApp */,
				298CF8A6225022DC00F977E5 /* Products */,
			);
			sourceTree = "<group>";
		};
		298CF8A6225022DC00F977E5 /* Products */ = {
			isa = PBXGroup;
			children = (
				298CF8A5225022DC00F977E5 /* ChatMessageSplitApp.app */,
			);
			name = Products;
			sourceTree = "<group>";
		};
		298CF8A7225022DC00F977E5 /* ChatMessageSplitApp */ = {
			isa = PBXGroup;
			children = (
				298CF8A8225022DC00F977E5 /* AppDelegate.swift */,
				298CF8AA225022DC00F977E5 /* ChatViewController.swift */,
				2936EE8B2250B4BF002CCB2C /* AppExtensions.swift */,
				2936EE8D2250B552002CCB2C /* MessageCell.swift */,
				2936EE8F2250B605002CCB2C /* Constants.swift */,
				298CF8AC225022DC00F977E5 /* Main.storyboard */,
				298CF8AF225022DD00F977E5 /* Assets.xcassets */,
				298CF8B1225022DD00F977E5 /* LaunchScreen.storyboard */,
				298CF8B4225022DE00F977E5 /* Info.plist */,
			);
			path = ChatMessageSplitApp;
			sourceTree = "<group>";
		};
/* End PBXGroup section */

/* Begin PBXNativeTarget section */
		298CF8A4225022DC00F977E5 /* ChatMessageSplitApp */ = {
			isa = PBXNativeTarget;
			buildConfigurationList = 298CF8B7225022DE00F977E5 /* Build configuration list for PBXNativeTarget "ChatMessageSplitApp" */;
			buildPhases = (
				298CF8A1225022DC00F977E5 /* Sources */,
				298CF8A2225022DC00F977E5 /* Frameworks */,
				298CF8A3225022DC00F977E5 /* Resources */,
			);
			buildRules = (
			);
			dependencies = (
			);
			name = ChatMessageSplitApp;
			productName = ChatMessageSplitApp;
			productReference = 298CF8A5225022DC00F977E5 /* ChatMessageSplitApp.app */;
			productType = "com.apple.product-type.application";
		};
/* End PBXNativeTarget section */

/* Begin PBXProject section */
		298CF89D225022DC00F977E5 /* Project object */ = {
			isa = PBXProject;
			attributes = {
				LastSwiftUpdateCheck = 1010;
				LastUpgradeCheck = 1010;
				ORGANIZATIONNAME = iOS;
				TargetAttributes = {
					298CF8A4225022DC00F977E5 = {
						CreatedOnToolsVersion = 10.1;
					};
				};
			};
			buildConfigurationList = 298CF8A0225022DC00F977E5 /* Build configuration list for PBXProject "ChatMessageSplitApp" */;
			compatibilityVersion = "Xcode 9.3";
			developmentRegion = en;
			hasScannedForEncodings = 0;
			knownRegions = (
				en,
				Base,
			);
			mainGroup = 298CF89C225022DC00F977E5;
			productRefGroup = 298CF8A6225022DC00F977E5 /* Products */;
			projectDirPath = "";
			projectRoot = "";
			targets = (
				298CF8A4225022DC00F977E5 /* ChatMessageSplitApp */,
			);
		};
/* End PBXProject section */

/* Begin PBXResourcesBuildPhase section */
		298CF8A3225022DC00F977E5 /* Resources */ = {
			isa = PBXResourcesBuildPhase;
			buildActionMask = 2147483647;
			files = (
				298CF8B3225022DD00F977E5 /* LaunchScreen.storyboard in Resources */,
				298CF8B0225022DD00F977E5 /* Assets.xcassets in Resources */,
				298CF8AE225022DC00F977E5 /* Main.storyboard in Resources */,
			);
			runOnlyForDeploymentPostprocessing = 0;
		};
/* End PBXResourcesBuildPhase section */

/* Begin PBXSourcesBuildPhase section */
		298CF8A1225022DC00F977E5 /* Sources */ = {
			isa = PBXSourcesBuildPhase;
			buildActionMask = 2147483647;
			files = (
				2936EE902250B605002CCB2C /* Constants.swift in Sources */,
				2936EE8C2250B4BF002CCB2C /* AppExtensions.swift in Sources */,
				2936EE8E2250B552002CCB2C /* MessageCell.swift in Sources */,
				298CF8AB225022DC00F977E5 /* ChatViewController.swift in Sources */,
				298CF8A9225022DC00F977E5 /* AppDelegate.swift in Sources */,
			);
			runOnlyForDeploymentPostprocessing = 0;
		};
/* End PBXSourcesBuildPhase section */

/* Begin PBXVariantGroup section */
		298CF8AC225022DC00F977E5 /* Main.storyboard */ = {
			isa = PBXVariantGroup;
			children = (
				298CF8AD225022DC00F977E5 /* Base */,
			);
			name = Main.storyboard;
			sourceTree = "<group>";
		};
		298CF8B1225022DD00F977E5 /* LaunchScreen.storyboard */ = {
			isa = PBXVariantGroup;
			children = (
				298CF8B2225022DD00F977E5 /* Base */,
			);
			name = LaunchScreen.storyboard;
			sourceTree = "<group>";
		};
/* End PBXVariantGroup section */

/* Begin XCBuildConfiguration section */
		298CF8B5225022DE00F977E5 /* Debug */ = {
			isa = XCBuildConfiguration;
			buildSettings = {
				ALWAYS_SEARCH_USER_PATHS = NO;
				CLANG_ANALYZER_NONNULL = YES;
				CLANG_ANALYZER_NUMBER_OBJECT_CONVERSION = YES_AGGRESSIVE;
				CLANG_CXX_LANGUAGE_STANDARD = "gnu++14";
				CLANG_CXX_LIBRARY = "libc++";
				CLANG_ENABLE_MODULES = YES;
				CLANG_ENABLE_OBJC_ARC = YES;
				CLANG_ENABLE_OBJC_WEAK = YES;
				CLANG_WARN_BLOCK_CAPTURE_AUTORELEASING = YES;
				CLANG_WARN_BOOL_CONVERSION = YES;
				CLANG_WARN_COMMA = YES;
				CLANG_WARN_CONSTANT_CONVERSION = YES;
				CLANG_WARN_DEPRECATED_OBJC_IMPLEMENTATIONS = YES;
				CLANG_WARN_DIRECT_OBJC_ISA_USAGE = YES_ERROR;
				CLANG_WARN_DOCUMENTATION_COMMENTS = YES;
				CLANG_WARN_EMPTY_BODY = YES;
				CLANG_WARN_ENUM_CONVERSION = YES;
				CLANG_WARN_INFINITE_RECURSION = YES;
				CLANG_WARN_INT_CONVERSION = YES;
				CLANG_WARN_NON_LITERAL_NULL_CONVERSION = YES;
				CLANG_WARN_OBJC_IMPLICIT_RETAIN_SELF = YES;
				CLANG_WARN_OBJC_LITERAL_CONVERSION = YES;
				CLANG_WARN_OBJC_ROOT_CLASS = YES_ERROR;
				CLANG_WARN_RANGE_LOOP_ANALYSIS = YES;
				CLANG_WARN_STRICT_PROTOTYPES = YES;
				CLANG_WARN_SUSPICIOUS_MOVE = YES;
				CLANG_WARN_UNGUARDED_AVAILABILITY = YES_AGGRESSIVE;
				CLANG_WARN_UNREACHABLE_CODE = YES;
				CLANG_WARN__DUPLICATE_METHOD_MATCH = YES;
				CODE_SIGN_IDENTITY = "iPhone Developer";
				COPY_PHASE_STRIP = NO;
				DEBUG_INFORMATION_FORMAT = dwarf;
				ENABLE_STRICT_OBJC_MSGSEND = YES;
				ENABLE_TESTABILITY = YES;
				GCC_C_LANGUAGE_STANDARD = gnu11;
				GCC_DYNAMIC_NO_PIC = NO;
				GCC_NO_COMMON_BLOCKS = YES;
				GCC_OPTIMIZATION_LEVEL = 0;
				GCC_PREPROCESSOR_DEFINITIONS = (
					"DEBUG=1",
					"$(inherited)",
				);
				GCC_WARN_64_TO_32_BIT_CONVERSION = YES;
				GCC_WARN_ABOUT_RETURN_TYPE = YES_ERROR;
				GCC_WARN_UNDECLARED_SELECTOR = YES;
				GCC_WARN_UNINITIALIZED_AUTOS = YES_AGGRESSIVE;
				GCC_WARN_UNUSED_FUNCTION = YES;
				GCC_WARN_UNUSED_VARIABLE = YES;
				IPHONEOS_DEPLOYMENT_TARGET = 12.1;
				MTL_ENABLE_DEBUG_INFO = INCLUDE_SOURCE;
				MTL_FAST_MATH = YES;
				ONLY_ACTIVE_ARCH = YES;
				SDKROOT = iphoneos;
				SWIFT_ACTIVE_COMPILATION_CONDITIONS = DEBUG;
				SWIFT_OPTIMIZATION_LEVEL = "-Onone";
			};
			name = Debug;
		};
		298CF8B6225022DE00F977E5 /* Release */ = {
			isa = XCBuildConfiguration;
			buildSettings = {
				ALWAYS_SEARCH_USER_PATHS = NO;
				CLANG_ANALYZER_NONNULL = YES;
				CLANG_ANALYZER_NUMBER_OBJECT_CONVERSION = YES_AGGRESSIVE;
				CLANG_CXX_LANGUAGE_STANDARD = "gnu++14";
				CLANG_CXX_LIBRARY = "libc++";
				CLANG_ENABLE_MODULES = YES;
				CLANG_ENABLE_OBJC_ARC = YES;
				CLANG_ENABLE_OBJC_WEAK = YES;
				CLANG_WARN_BLOCK_CAPTURE_AUTORELEASING = YES;
				CLANG_WARN_BOOL_CONVERSION = YES;
				CLANG_WARN_COMMA = YES;
				CLANG_WARN_CONSTANT_CONVERSION = YES;
				CLANG_WARN_DEPRECATED_OBJC_IMPLEMENTATIONS = YES;
				CLANG_WARN_DIRECT_OBJC_ISA_USAGE = YES_ERROR;
				CLANG_WARN_DOCUMENTATION_COMMENTS = YES;
				CLANG_WARN_EMPTY_BODY = YES;
				CLANG_WARN_ENUM_CONVERSION = YES;
				CLANG_WARN_INFINITE_RECURSION = YES;
				CLANG_WARN_INT_CONVERSION = YES;
				CLANG_WARN_NON_LITERAL_NULL_CONVERSION = YES;
				CLANG_WARN_OBJC_IMPLICIT_RETAIN_SELF = YES;
				CLANG_WARN_OBJC_LITERAL_CONVERSION = YES;
				CLANG_WARN_OBJC_ROOT_CLASS = YES_ERROR;
				CLANG_WARN_RANGE_LOOP_ANALYSIS = YES;
				CLANG_WARN_STRICT_PROTOTYPES = YES;
				CLANG_WARN_SUSPICIOUS_MOVE = YES;
				CLANG_WARN_UNGUARDED_AVAILABILITY = YES_AGGRESSIVE;
				CLANG_WARN_UNREACHABLE_CODE = YES;
				CLANG_WARN__DUPLICATE_METHOD_MATCH = YES;
				CODE_SIGN_IDENTITY = "iPhone Developer";
				COPY_PHASE_STRIP = NO;
				DEBUG_INFORMATION_FORMAT = "dwarf-with-dsym";
				ENABLE_NS_ASSERTIONS = NO;
				ENABLE_STRICT_OBJC_MSGSEND = YES;
				GCC_C_LANGUAGE_STANDARD = gnu11;
				GCC_NO_COMMON_BLOCKS = YES;
				GCC_WARN_64_TO_32_BIT_CONVERSION = YES;
				GCC_WARN_ABOUT_RETURN_TYPE = YES_ERROR;
				GCC_WARN_UNDECLARED_SELECTOR = YES;
				GCC_WARN_UNINITIALIZED_AUTOS = YES_AGGRESSIVE;
				GCC_WARN_UNUSED_FUNCTION = YES;
				GCC_WARN_UNUSED_VARIABLE = YES;
				IPHONEOS_DEPLOYMENT_TARGET = 12.1;
				MTL_ENABLE_DEBUG_INFO = NO;
				MTL_FAST_MATH = YES;
				SDKROOT = iphoneos;
				SWIFT_COMPILATION_MODE = wholemodule;
				SWIFT_OPTIMIZATION_LEVEL = "-O";
				VALIDATE_PRODUCT = YES;
			};
			name = Release;
		};
		298CF8B8225022DE00F977E5 /* Debug */ = {
			isa = XCBuildConfiguration;
			buildSettings = {
				ASSETCATALOG_COMPILER_APPICON_NAME = AppIcon;
				CODE_SIGN_STYLE = Automatic;
				INFOPLIST_FILE = ChatMessageSplitApp/Info.plist;
				IPHONEOS_DEPLOYMENT_TARGET = 11.0;
				LD_RUNPATH_SEARCH_PATHS = (
					"$(inherited)",
					"@executable_path/Frameworks",
				);
				PRODUCT_BUNDLE_IDENTIFIER = com.iOS.ChatMessageSplitApp;
				PRODUCT_NAME = "$(TARGET_NAME)";
				SWIFT_VERSION = 4.2;
				TARGETED_DEVICE_FAMILY = "1,2";
			};
			name = Debug;
		};
		298CF8B9225022DE00F977E5 /* Release */ = {
			isa = XCBuildConfiguration;
			buildSettings = {
				ASSETCATALOG_COMPILER_APPICON_NAME = AppIcon;
				CODE_SIGN_STYLE = Automatic;
				INFOPLIST_FILE = ChatMessageSplitApp/Info.plist;
				IPHONEOS_DEPLOYMENT_TARGET = 11.0;
				LD_RUNPATH_SEARCH_PATHS = (
					"$(inherited)",
					"@executable_path/Frameworks",
				);
				PRODUCT_BUNDLE_IDENTIFIER = com.iOS.ChatMessageSplitApp;
				PRODUCT_NAME = "$(TARGET_NAME)";
				SWIFT_VERSION = 4.2;
				TARGETED_DEVICE_FAMILY = "1,2";
			};
			name = Release;
		};
/* End XCBuildConfiguration section */

/* Begin XCConfigurationList section */
		298CF8A0225022DC00F977E5 /* Build configuration list for PBXProject "ChatMessageSplitApp" */ = {
			isa = XCConfigurationList;
			buildConfigurations = (
				298CF8B5225022DE00F977E5 /* Debug */,
				298CF8B6225022DE00F977E5 /* Release */,
			);
			defaultConfigurationIsVisible = 0;
			defaultConfigurationName = Release;
		};
		298CF8B7225022DE00F977E5 /* Build configuration list for PBXNativeTarget "ChatMessageSplitApp" */ = {
			isa = XCConfigurationList;
			buildConfigurations = (
				298CF8B8225022DE00F977E5 /* Debug */,
				298CF8B9225022DE00F977E5 /* Release */,
			);
			defaultConfigurationIsVisible = 0;
			defaultConfigurationName = Release;
		};
/* End XCConfigurationList section */
	};
	rootObject = 298CF89D225022DC00F977E5 /* Project object */;
}
